// !$*UTF8*$!
{
	archiveVersion = 1;
	classes = {
	};
	objectVersion = 46;
	objects = {

/* Begin PBXBuildFile section */
		2F0F4E111B8A907F00A73A6F /* Teacher.m in Sources */ = {isa = PBXBuildFile; fileRef = 2F0F4E101B8A907F00A73A6F /* Teacher.m */; };
		2F5A45021B8AF619008A3515 /* Student.m in Sources */ = {isa = PBXBuildFile; fileRef = 2F5A45011B8AF619008A3515 /* Student.m */; };
		2F8DE8E71B81B5A700A57302 /* main.m in Sources */ = {isa = PBXBuildFile; fileRef = 2F8DE8E61B81B5A700A57302 /* main.m */; };
		2F8DE8EF1B81B61500A57302 /* Person.m in Sources */ = {isa = PBXBuildFile; fileRef = 2F8DE8EE1B81B61500A57302 /* Person.m */; };
/* End PBXBuildFile section */

/* Begin PBXCopyFilesBuildPhase section */
		2F8DE8E11B81B5A700A57302 /* CopyFiles */ = {
			isa = PBXCopyFilesBuildPhase;
			buildActionMask = 2147483647;
			dstPath = /usr/share/man/man1/;
			dstSubfolderSpec = 0;
			files = (
			);
			runOnlyForDeploymentPostprocessing = 1;
		};
/* End PBXCopyFilesBuildPhase section */

/* Begin PBXFileReference section */
		2F0F4E0F1B8A907F00A73A6F /* Teacher.h */ = {isa = PBXFileReference; fileEncoding = 4; lastKnownFileType = sourcecode.c.h; path = Teacher.h; sourceTree = "<group>"; };
		2F0F4E101B8A907F00A73A6F /* Teacher.m */ = {isa = PBXFileReference; fileEncoding = 4; lastKnownFileType = sourcecode.c.objc; path = Teacher.m; sourceTree = "<group>"; };
		2F5A45001B8AF619008A3515 /* Student.h */ = {isa = PBXFileReference; fileEncoding = 4; lastKnownFileType = sourcecode.c.h; path = Student.h; sourceTree = "<group>"; };
		2F5A45011B8AF619008A3515 /* Student.m */ = {isa = PBXFileReference; fileEncoding = 4; lastKnownFileType = sourcecode.c.objc; path = Student.m; sourceTree = "<group>"; };
		2F8DE8E31B81B5A700A57302 /* OCHelloWorld */ = {isa = PBXFileReference; explicitFileType = "compiled.mach-o.executable"; includeInIndex = 0; path = OCHelloWorld; sourceTree = BUILT_PRODUCTS_DIR; };
		2F8DE8E61B81B5A700A57302 /* main.m */ = {isa = PBXFileReference; lastKnownFileType = sourcecode.c.objc; path = main.m; sourceTree = "<group>"; };
		2F8DE8ED1B81B61500A57302 /* Person.h */ = {isa = PBXFileReference; fileEncoding = 4; lastKnownFileType = sourcecode.c.h; path = Person.h; sourceTree = "<group>"; };
		2F8DE8EE1B81B61500A57302 /* Person.m */ = {isa = PBXFileReference; fileEncoding = 4; lastKnownFileType = sourcecode.c.objc; path = Person.m; sourceTree = "<group>"; };
/* End PBXFileReference section */

/* Begin PBXFrameworksBuildPhase section */
		2F8DE8E01B81B5A700A57302 /* Frameworks */ = {
			isa = PBXFrameworksBuildPhase;
			buildActionMask = 2147483647;
			files = (
			);
			runOnlyForDeploymentPostprocessing = 0;
		};
/* End PBXFrameworksBuildPhase section */

/* Begin PBXGroup section */
		2F8DE8DA1B81B5A700A57302 = {
			isa = PBXGroup;
			children = (
				2F8DE8E51B81B5A700A57302 /* OCHelloWorld */,
				2F8DE8E41B81B5A700A57302 /* Products */,
			);
			sourceTree = "<group>";
		};
		2F8DE8E41B81B5A700A57302 /* Products */ = {
			isa = PBXGroup;
			children = (
				2F8DE8E31B81B5A700A57302 /* OCHelloWorld */,
			);
			name = Products;
			sourceTree = "<group>";
		};
		2F8DE8E51B81B5A700A57302 /* OCHelloWorld */ = {
			isa = PBXGroup;
			children = (
				2F8DE8E61B81B5A700A57302 /* main.m */,
				2F8DE8ED1B81B61500A57302 /* Person.h */,
				2F0F4E0F1B8A907F00A73A6F /* Teacher.h */,
				2F0F4E101B8A907F00A73A6F /* Teacher.m */,
				2F5A45001B8AF619008A3515 /* Student.h */,
				2F5A45011B8AF619008A3515 /* Student.m */,
				2F8DE8EE1B81B61500A57302 /* Person.m */,
			);
			path = OCHelloWorld;
			sourceTree = "<group>";
		};
/* End PBXGroup section */

/* Begin PBXNativeTarget section */
		2F8DE8E21B81B5A700A57302 /* OCHelloWorld */ = {
			isa = PBXNativeTarget;
			buildConfigurationList = 2F8DE8EA1B81B5A700A57302 /* Build configuration list for PBXNativeTarget "OCHelloWorld" */;
			buildPhases = (
				2F8DE8DF1B81B5A700A57302 /* Sources */,
				2F8DE8E01B81B5A700A57302 /* Frameworks */,
				2F8DE8E11B81B5A700A57302 /* CopyFiles */,
			);
			buildRules = (
			);
			dependencies = (
			);
			name = OCHelloWorld;
			productName = OCHelloWorld;
			productReference = 2F8DE8E31B81B5A700A57302 /* OCHelloWorld */;
			productType = "com.apple.product-type.tool";
		};
/* End PBXNativeTarget section */

/* Begin PBXProject section */
		2F8DE8DB1B81B5A700A57302 /* Project object */ = {
			isa = PBXProject;
			attributes = {
				LastUpgradeCheck = 0640;
				ORGANIZATIONNAME = "Fan Jin";
				TargetAttributes = {
					2F8DE8E21B81B5A700A57302 = {
						CreatedOnToolsVersion = 6.4;
					};
				};
			};
			buildConfigurationList = 2F8DE8DE1B81B5A700A57302 /* Build configuration list for PBXProject "OCHelloWorld" */;
			compatibilityVersion = "Xcode 3.2";
			developmentRegion = English;
			hasScannedForEncodings = 0;
			knownRegions = (
				en,
			);
			mainGroup = 2F8DE8DA1B81B5A700A57302;
			productRefGroup = 2F8DE8E41B81B5A700A57302 /* Products */;
			projectDirPath = "";
			projectRoot = "";
			targets = (
				2F8DE8E21B81B5A700A57302 /* OCHelloWorld */,
			);
		};
/* End PBXProject section */

/* Begin PBXSourcesBuildPhase section */
		2F8DE8DF1B81B5A700A57302 /* Sources */ = {
			isa = PBXSourcesBuildPhase;
			buildActionMask = 2147483647;
			files = (
				2F0F4E111B8A907F00A73A6F /* Teacher.m in Sources */,
				2F8DE8EF1B81B61500A57302 /* Person.m in Sources */,
				2F8DE8E71B81B5A700A57302 /* main.m in Sources */,
				2F5A45021B8AF619008A3515 /* Student.m in Sources */,
			);
			runOnlyForDeploymentPostprocessing = 0;
		};
/* End PBXSourcesBuildPhase section */

/* Begin XCBuildConfiguration section */
		2F8DE8E81B81B5A700A57302 /* Debug */ = {
			isa = XCBuildConfiguration;
			buildSettings = {
				ALWAYS_SEARCH_USER_PATHS = NO;
				CLANG_CXX_LANGUAGE_STANDARD = "gnu++0x";
				CLANG_CXX_LIBRARY = "libc++";
				CLANG_ENABLE_MODULES = YES;
				CLANG_ENABLE_OBJC_ARC = YES;
				CLANG_WARN_BOOL_CONVERSION = YES;
				CLANG_WARN_CONSTANT_CONVERSION = YES;
				CLANG_WARN_DIRECT_OBJC_ISA_USAGE = YES_ERROR;
				CLANG_WARN_EMPTY_BODY = YES;
				CLANG_WARN_ENUM_CONVERSION = YES;
				CLANG_WARN_INT_CONVERSION = YES;
				CLANG_WARN_OBJC_ROOT_CLASS = YES_ERROR;
				CLANG_WARN_UNREACHABLE_CODE = YES;
				CLANG_WARN__DUPLICATE_METHOD_MATCH = YES;
				COPY_PHASE_STRIP = NO;
				DEBUG_INFORMATION_FORMAT = dwarf;
				ENABLE_STRICT_OBJC_MSGSEND = YES;
				GCC_C_LANGUAGE_STANDARD = gnu99;
				GCC_DYNAMIC_NO_PIC = NO;
				GCC_NO_COMMON_BLOCKS = YES;
				GCC_OPTIMIZATION_LEVEL = 0;
				GCC_PREPROCESSOR_DEFINITIONS = (
					"DEBUG=1",
					"$(inherited)",
				);
				GCC_SYMBOLS_PRIVATE_EXTERN = NO;
				GCC_WARN_64_TO_32_BIT_CONVERSION = YES;
				GCC_WARN_ABOUT_RETURN_TYPE = YES_ERROR;
				GCC_WARN_UNDECLARED_SELECTOR = YES;
				GCC_WARN_UNINITIALIZED_AUTOS = YES_AGGRESSIVE;
				GCC_WARN_UNUSED_FUNCTION = YES;
				GCC_WARN_UNUSED_VARIABLE = YES;
				MACOSX_DEPLOYMENT_TARGET = 10.10;
				MTL_ENABLE_DEBUG_INFO = YES;
				ONLY_ACTIVE_ARCH = YES;
				SDKROOT = macosx;
			};
			name = Debug;
		};
		2F8DE8E91B81B5A700A57302 /* Release */ = {
			isa = XCBuildConfiguration;
			buildSettings = {
				ALWAYS_SEARCH_USER_PATHS = NO;
				CLANG_CXX_LANGUAGE_STANDARD = "gnu++0x";
				CLANG_CXX_LIBRARY = "libc++";
				CLANG_ENABLE_MODULES = YES;
				CLANG_ENABLE_OBJC_ARC = YES;
				CLANG_WARN_BOOL_CONVERSION = YES;
				CLANG_WARN_CONSTANT_CONVERSION = YES;
				CLANG_WARN_DIRECT_OBJC_ISA_USAGE = YES_ERROR;
				CLANG_WARN_EMPTY_BODY = YES;
				CLANG_WARN_ENUM_CONVERSION = YES;
				CLANG_WARN_INT_CONVERSION = YES;
				CLANG_WARN_OBJC_ROOT_CLASS = YES_ERROR;
				CLANG_WARN_UNREACHABLE_CODE = YES;
				CLANG_WARN__DUPLICATE_METHOD_MATCH = YES;
				COPY_PHASE_STRIP = NO;
				DEBUG_INFORMATION_FORMAT = "dwarf-with-dsym";
				ENABLE_NS_ASSERTIONS = NO;
				ENABLE_STRICT_OBJC_MSGSEND = YES;
				GCC_C_LANGUAGE_STANDARD = gnu99;
				GCC_NO_COMMON_BLOCKS = YES;
				GCC_WARN_64_TO_32_BIT_CONVERSION = YES;
				GCC_WARN_ABOUT_RETURN_TYPE = YES_ERROR;
				GCC_WARN_UNDECLARED_SELECTOR = YES;
				GCC_WARN_UNINITIALIZED_AUTOS = YES_AGGRESSIVE;
				GCC_WARN_UNUSED_FUNCTION = YES;
				GCC_WARN_UNUSED_VARIABLE = YES;
				MACOSX_DEPLOYMENT_TARGET = 10.10;
				MTL_ENABLE_DEBUG_INFO = NO;
				SDKROOT = macosx;
			};
			name = Release;
		};
		2F8DE8EB1B81B5A700A57302 /* Debug */ = {
			isa = XCBuildConfiguration;
			buildSettings = {
				PRODUCT_NAME = "$(TARGET_NAME)";
			};
			name = Debug;
		};
		2F8DE8EC1B81B5A700A57302 /* Release */ = {
			isa = XCBuildConfiguration;
			buildSettings = {
				PRODUCT_NAME = "$(TARGET_NAME)";
			};
			name = Release;
		};
/* End XCBuildConfiguration section */

/* Begin XCConfigurationList section */
		2F8DE8DE1B81B5A700A57302 /* Build configuration list for PBXProject "OCHelloWorld" */ = {
			isa = XCConfigurationList;
			buildConfigurations = (
				2F8DE8E81B81B5A700A57302 /* Debug */,
				2F8DE8E91B81B5A700A57302 /* Release */,
			);
			defaultConfigurationIsVisible = 0;
			defaultConfigurationName = Release;
		};
		2F8DE8EA1B81B5A700A57302 /* Build configuration list for PBXNativeTarget "OCHelloWorld" */ = {
			isa = XCConfigurationList;
			buildConfigurations = (
				2F8DE8EB1B81B5A700A57302 /* Debug */,
				2F8DE8EC1B81B5A700A57302 /* Release */,
			);
			defaultConfigurationIsVisible = 0;
			defaultConfigurationName = Release;
		};
/* End XCConfigurationList section */
	};
	rootObject = 2F8DE8DB1B81B5A700A57302 /* Project object */;
}
